
Microsoft Visual Studio Solution File, Format Version 12.00
# Visual Studio Version 17
VisualStudioVersion = 17.9.34701.34
MinimumVisualStudioVersion = 10.0.40219.1
Project("{FAE04EC0-301F-11D3-BF4B-00C04F79EFBC}") = "OITApplicationProgram", "OITApplicationProgram\OITApplicationProgram.csproj", "{61587BA1-5EA3-4469-BF33-87855B7DD98C}"
EndProject
Global
	GlobalSection(SolutionConfigurationPlatforms) = preSolution
		Debug|Any CPU = Debug|Any CPU
		Release|Any CPU = Release|Any CPU
	EndGlobalSection
	GlobalSection(ProjectConfigurationPlatforms) = postSolution
		{61587BA1-5EA3-4469-BF33-87855B7DD98C}.Debug|Any CPU.ActiveCfg = Debug|Any CPU
		{61587BA1-5EA3-4469-BF33-87855B7DD98C}.Debug|Any CPU.Build.0 = Debug|Any CPU
		{61587BA1-5EA3-4469-BF33-87855B7DD98C}.Release|Any CPU.ActiveCfg = Release|Any CPU
		{61587BA1-5EA3-4469-BF33-87855B7DD98C}.Release|Any CPU.Build.0 = Release|Any CPU
	EndGlobalSection
	GlobalSection(SolutionProperties) = preSolution
		HideSolutionNode = FALSE
	EndGlobalSection
	GlobalSection(ExtensibilityGlobals) = postSolution
		SolutionGuid = {7C126B85-517C-460B-AA0F-874710A1BDCB}
	EndGlobalSection
EndGlobal
